{
  "name": "graph-tutorial",
  "requires": true,
  "lockfileVersion": 1,
  "dependencies": {
    "classnames": {
      "version": "2.2.6",
      "resolved": "https://registry.npmjs.org/classnames/-/classnames-2.2.6.tgz",
      "integrity": "sha512-JR/iSQOSt+LQIWwrwEzJ9uk0xfN3mTVYMwt1Ir5mUcSN6pU+V4zQFFaJsclJbPuAUQH+yfWef6tm7l1quW3C8Q=="
    },
    "uikit-react": {
      "version": "3.0.18",
      "resolved": "https://registry.npmjs.org/uikit-react/-/uikit-react-3.0.18.tgz",
      "integrity": "sha512-iZrF8gFD7E5cPYrIKZWJ61UvBr8Ll4s3bguCyM9KKAwgLrhshEunF+HiIE4bCd9360buLhs/fMCqTqZOMxZ+9g=="
    }
  }
}
